
Microsoft Visual Studio Solution File, Format Version 12.00
# Visual Studio Version 16
VisualStudioVersion = 16.0.30907.101
MinimumVisualStudioVersion = 10.0.40219.1
Project("{9A19103F-16F7-4668-BE54-9A1E7A4F7556}") = "Console", "Console\Console.csproj", "{C1C2A876-3A47-475F-A76D-8E066BC81007}"
EndProject
Project("{FAE04EC0-301F-11D3-BF4B-00C04F79EFBC}") = "ChainLinks", "ChainLinks\ChainLinks.csproj", "{7DE1A3DD-1438-4759-9E20-D5A22C712782}"
EndProject
Project("{FAE04EC0-301F-11D3-BF4B-00C04F79EFBC}") = "WebApi", "WebApi\WebApi.csproj", "{BC6E1208-7F57-40FB-BC14-743601BB835D}"
EndProject
Global
	GlobalSection(SolutionConfigurationPlatforms) = preSolution
		Debug|Any CPU = Debug|Any CPU
		Release|Any CPU = Release|Any CPU
	EndGlobalSection
	GlobalSection(ProjectConfigurationPlatforms) = postSolution
		{C1C2A876-3A47-475F-A76D-8E066BC81007}.Debug|Any CPU.ActiveCfg = Debug|Any CPU
		{C1C2A876-3A47-475F-A76D-8E066BC81007}.Debug|Any CPU.Build.0 = Debug|Any CPU
		{C1C2A876-3A47-475F-A76D-8E066BC81007}.Release|Any CPU.ActiveCfg = Release|Any CPU
		{C1C2A876-3A47-475F-A76D-8E066BC81007}.Release|Any CPU.Build.0 = Release|Any CPU
		{7DE1A3DD-1438-4759-9E20-D5A22C712782}.Debug|Any CPU.ActiveCfg = Debug|Any CPU
		{7DE1A3DD-1438-4759-9E20-D5A22C712782}.Debug|Any CPU.Build.0 = Debug|Any CPU
		{7DE1A3DD-1438-4759-9E20-D5A22C712782}.Release|Any CPU.ActiveCfg = Release|Any CPU
		{7DE1A3DD-1438-4759-9E20-D5A22C712782}.Release|Any CPU.Build.0 = Release|Any CPU
		{BC6E1208-7F57-40FB-BC14-743601BB835D}.Debug|Any CPU.ActiveCfg = Debug|Any CPU
		{BC6E1208-7F57-40FB-BC14-743601BB835D}.Debug|Any CPU.Build.0 = Debug|Any CPU
		{BC6E1208-7F57-40FB-BC14-743601BB835D}.Release|Any CPU.ActiveCfg = Release|Any CPU
		{BC6E1208-7F57-40FB-BC14-743601BB835D}.Release|Any CPU.Build.0 = Release|Any CPU
	EndGlobalSection
	GlobalSection(SolutionProperties) = preSolution
		HideSolutionNode = FALSE
	EndGlobalSection
	GlobalSection(ExtensibilityGlobals) = postSolution
		SolutionGuid = {ABDA175A-3F76-4FAA-9BA3-D0447907F61E}
	EndGlobalSection
EndGlobal
